
Microsoft Visual Studio Solution File, Format Version 12.00
# Visual Studio Version 17
VisualStudioVersion = 17.14.36121.58 d17.14
MinimumVisualStudioVersion = 10.0.40219.1
Project("{2150E333-8FDC-42A3-9474-1A3956D46DE8}") = "Erp.APIs", "Erp.APIs", "{02EA681E-C7D8-13C7-8484-4AC65E1B71E8}"
EndProject
Project("{2150E333-8FDC-42A3-9474-1A3956D46DE8}") = "Erp.BL", "Erp.BL", "{A6D859AF-00E6-4D15-B69B-89ECA5252A5D}"
EndProject
Project("{2150E333-8FDC-42A3-9474-1A3956D46DE8}") = "Erp.DAL", "Erp.DAL", "{778B849A-E791-4F59-AEDA-25BF01E00169}"
EndProject
Project("{FAE04EC0-301F-11D3-BF4B-00C04F79EFBC}") = "Erp.APIs", "Erp.APIs\Erp.APIs.csproj", "{E3F17915-E299-4AB9-9361-FBA616A1264D}"
EndProject
Project("{FAE04EC0-301F-11D3-BF4B-00C04F79EFBC}") = "Erp.BL", "Erp.BL\Erp.BL.csproj", "{F3734C66-509F-40E5-9A39-E6A942F44501}"
EndProject
Project("{FAE04EC0-301F-11D3-BF4B-00C04F79EFBC}") = "Erp.DAL", "Erp.DAL\Erp.DAL.csproj", "{381BB330-4915-4A50-816D-93AC62D85170}"
EndProject
Global
	GlobalSection(SolutionConfigurationPlatforms) = preSolution
		Debug|Any CPU = Debug|Any CPU
		Release|Any CPU = Release|Any CPU
	EndGlobalSection
	GlobalSection(ProjectConfigurationPlatforms) = postSolution
		{E3F17915-E299-4AB9-9361-FBA616A1264D}.Debug|Any CPU.ActiveCfg = Debug|Any CPU
		{E3F17915-E299-4AB9-9361-FBA616A1264D}.Debug|Any CPU.Build.0 = Debug|Any CPU
		{E3F17915-E299-4AB9-9361-FBA616A1264D}.Release|Any CPU.ActiveCfg = Release|Any CPU
		{E3F17915-E299-4AB9-9361-FBA616A1264D}.Release|Any CPU.Build.0 = Release|Any CPU
		{F3734C66-509F-40E5-9A39-E6A942F44501}.Debug|Any CPU.ActiveCfg = Debug|Any CPU
		{F3734C66-509F-40E5-9A39-E6A942F44501}.Debug|Any CPU.Build.0 = Debug|Any CPU
		{F3734C66-509F-40E5-9A39-E6A942F44501}.Release|Any CPU.ActiveCfg = Release|Any CPU
		{F3734C66-509F-40E5-9A39-E6A942F44501}.Release|Any CPU.Build.0 = Release|Any CPU
		{381BB330-4915-4A50-816D-93AC62D85170}.Debug|Any CPU.ActiveCfg = Debug|Any CPU
		{381BB330-4915-4A50-816D-93AC62D85170}.Debug|Any CPU.Build.0 = Debug|Any CPU
		{381BB330-4915-4A50-816D-93AC62D85170}.Release|Any CPU.ActiveCfg = Release|Any CPU
		{381BB330-4915-4A50-816D-93AC62D85170}.Release|Any CPU.Build.0 = Release|Any CPU
	EndGlobalSection
	GlobalSection(SolutionProperties) = preSolution
		HideSolutionNode = FALSE
	EndGlobalSection
	GlobalSection(NestedProjects) = preSolution
		{E3F17915-E299-4AB9-9361-FBA616A1264D} = {02EA681E-C7D8-13C7-8484-4AC65E1B71E8}
		{F3734C66-509F-40E5-9A39-E6A942F44501} = {A6D859AF-00E6-4D15-B69B-89ECA5252A5D}
		{381BB330-4915-4A50-816D-93AC62D85170} = {778B849A-E791-4F59-AEDA-25BF01E00169}
	EndGlobalSection
	GlobalSection(ExtensibilityGlobals) = postSolution
		SolutionGuid = {A549AA7A-2569-4591-802A-922D7CD7274D}
	EndGlobalSection
EndGlobal
